// !$*UTF8*$!
{
	archiveVersion = 1;
	classes = {
	};
	objectVersion = 56;
	objects = {

/* Begin PBXBuildFile section */
		95988D0729F6B86500C5BD72 /* OnboardingButtonStyle.swift in Sources */ = {isa = PBXBuildFile; fileRef = 95988D0629F6B86500C5BD72 /* OnboardingButtonStyle.swift */; };
		95988D0929F6D4FE00C5BD72 /* CreateProfileTextFieldStyle.swift in Sources */ = {isa = PBXBuildFile; fileRef = 95988D0829F6D4FE00C5BD72 /* CreateProfileTextFieldStyle.swift */; };
		95E2CBFD29F712FC0067A844 /* ContactsViewModel.swift in Sources */ = {isa = PBXBuildFile; fileRef = 95E2CBFC29F712FC0067A844 /* ContactsViewModel.swift */; };
		95EA773F29F18C2D0024E3A6 /* ChatApp.swift in Sources */ = {isa = PBXBuildFile; fileRef = 95EA773E29F18C2D0024E3A6 /* ChatApp.swift */; };
		95EA774129F18C2D0024E3A6 /* RootView.swift in Sources */ = {isa = PBXBuildFile; fileRef = 95EA774029F18C2D0024E3A6 /* RootView.swift */; };
		95EA774329F18C2F0024E3A6 /* Assets.xcassets in Resources */ = {isa = PBXBuildFile; fileRef = 95EA774229F18C2F0024E3A6 /* Assets.xcassets */; };
		95EA774629F18C2F0024E3A6 /* Preview Assets.xcassets in Resources */ = {isa = PBXBuildFile; fileRef = 95EA774529F18C2F0024E3A6 /* Preview Assets.xcassets */; };
		95EA775529F4256A0024E3A6 /* LexendDeca-Bold.ttf in Resources */ = {isa = PBXBuildFile; fileRef = 95EA775229F4256A0024E3A6 /* LexendDeca-Bold.ttf */; };
		95EA775629F4256A0024E3A6 /* LexendDeca-SemiBold.ttf in Resources */ = {isa = PBXBuildFile; fileRef = 95EA775329F4256A0024E3A6 /* LexendDeca-SemiBold.ttf */; };
		95EA775729F4256A0024E3A6 /* LexendDeca-Regular.ttf in Resources */ = {isa = PBXBuildFile; fileRef = 95EA775429F4256A0024E3A6 /* LexendDeca-Regular.ttf */; };
		95EA775A29F428B90024E3A6 /* Fonts.swift in Sources */ = {isa = PBXBuildFile; fileRef = 95EA775929F428B90024E3A6 /* Fonts.swift */; };
		95EA775F29F43EE60024E3A6 /* CustomTabBar.swift in Sources */ = {isa = PBXBuildFile; fileRef = 95EA775E29F43EE60024E3A6 /* CustomTabBar.swift */; };
		95F4D0D729F51F8500BA13C8 /* TabBarButton.swift in Sources */ = {isa = PBXBuildFile; fileRef = 95F4D0D629F51F8500BA13C8 /* TabBarButton.swift */; };
		95F4D0DB29F5430300BA13C8 /* GoogleService-Info.plist in Resources */ = {isa = PBXBuildFile; fileRef = 95F4D0DA29F5430300BA13C8 /* GoogleService-Info.plist */; };
		95F4D0DE29F545E700BA13C8 /* FirebaseAuth in Frameworks */ = {isa = PBXBuildFile; productRef = 95F4D0DD29F545E700BA13C8 /* FirebaseAuth */; };
		95F4D0E029F545E700BA13C8 /* FirebaseFirestore in Frameworks */ = {isa = PBXBuildFile; productRef = 95F4D0DF29F545E700BA13C8 /* FirebaseFirestore */; };
		95F4D0E229F545E700BA13C8 /* FirebaseFirestoreSwift in Frameworks */ = {isa = PBXBuildFile; productRef = 95F4D0E129F545E700BA13C8 /* FirebaseFirestoreSwift */; };
		95F4D0E429F545E700BA13C8 /* FirebaseStorage in Frameworks */ = {isa = PBXBuildFile; productRef = 95F4D0E329F545E700BA13C8 /* FirebaseStorage */; };
		95F4D0E629F5465300BA13C8 /* AppDelegate.swift in Sources */ = {isa = PBXBuildFile; fileRef = 95F4D0E529F5465300BA13C8 /* AppDelegate.swift */; };
		95F4D0E929F54EE700BA13C8 /* AuthViewModel.swift in Sources */ = {isa = PBXBuildFile; fileRef = 95F4D0E829F54EE700BA13C8 /* AuthViewModel.swift */; };
		95F4D0EC29F55E5400BA13C8 /* OnboardingContainerView.swift in Sources */ = {isa = PBXBuildFile; fileRef = 95F4D0EB29F55E5400BA13C8 /* OnboardingContainerView.swift */; };
		95F4D0EE29F56E5700BA13C8 /* WelcomeView.swift in Sources */ = {isa = PBXBuildFile; fileRef = 95F4D0ED29F56E5700BA13C8 /* WelcomeView.swift */; };
		95F4D0F029F56E9200BA13C8 /* PhoneNumberView.swift in Sources */ = {isa = PBXBuildFile; fileRef = 95F4D0EF29F56E9200BA13C8 /* PhoneNumberView.swift */; };
		95F4D0F229F56EAB00BA13C8 /* VerificationView.swift in Sources */ = {isa = PBXBuildFile; fileRef = 95F4D0F129F56EAB00BA13C8 /* VerificationView.swift */; };
		95F4D0F429F56EC400BA13C8 /* CreateProfileView.swift in Sources */ = {isa = PBXBuildFile; fileRef = 95F4D0F329F56EC400BA13C8 /* CreateProfileView.swift */; };
		95F4D0F629F56ED900BA13C8 /* SyncContactsView.swift in Sources */ = {isa = PBXBuildFile; fileRef = 95F4D0F529F56ED900BA13C8 /* SyncContactsView.swift */; };
/* End PBXBuildFile section */

/* Begin PBXFileReference section */
		95988D0629F6B86500C5BD72 /* OnboardingButtonStyle.swift */ = {isa = PBXFileReference; lastKnownFileType = sourcecode.swift; path = OnboardingButtonStyle.swift; sourceTree = "<group>"; };
		95988D0829F6D4FE00C5BD72 /* CreateProfileTextFieldStyle.swift */ = {isa = PBXFileReference; lastKnownFileType = sourcecode.swift; path = CreateProfileTextFieldStyle.swift; sourceTree = "<group>"; };
		95E2CBFC29F712FC0067A844 /* ContactsViewModel.swift */ = {isa = PBXFileReference; lastKnownFileType = sourcecode.swift; path = ContactsViewModel.swift; sourceTree = "<group>"; };
		95EA773B29F18C2D0024E3A6 /* Chat.app */ = {isa = PBXFileReference; explicitFileType = wrapper.application; includeInIndex = 0; path = Chat.app; sourceTree = BUILT_PRODUCTS_DIR; };
		95EA773E29F18C2D0024E3A6 /* ChatApp.swift */ = {isa = PBXFileReference; lastKnownFileType = sourcecode.swift; path = ChatApp.swift; sourceTree = "<group>"; };
		95EA774029F18C2D0024E3A6 /* RootView.swift */ = {isa = PBXFileReference; lastKnownFileType = sourcecode.swift; path = RootView.swift; sourceTree = "<group>"; };
		95EA774229F18C2F0024E3A6 /* Assets.xcassets */ = {isa = PBXFileReference; lastKnownFileType = folder.assetcatalog; path = Assets.xcassets; sourceTree = "<group>"; };
		95EA774529F18C2F0024E3A6 /* Preview Assets.xcassets */ = {isa = PBXFileReference; lastKnownFileType = folder.assetcatalog; path = "Preview Assets.xcassets"; sourceTree = "<group>"; };
		95EA775229F4256A0024E3A6 /* LexendDeca-Bold.ttf */ = {isa = PBXFileReference; lastKnownFileType = file; path = "LexendDeca-Bold.ttf"; sourceTree = "<group>"; };
		95EA775329F4256A0024E3A6 /* LexendDeca-SemiBold.ttf */ = {isa = PBXFileReference; lastKnownFileType = file; path = "LexendDeca-SemiBold.ttf"; sourceTree = "<group>"; };
		95EA775429F4256A0024E3A6 /* LexendDeca-Regular.ttf */ = {isa = PBXFileReference; lastKnownFileType = file; path = "LexendDeca-Regular.ttf"; sourceTree = "<group>"; };
		95EA775829F4260F0024E3A6 /* Info.plist */ = {isa = PBXFileReference; lastKnownFileType = text.plist; path = Info.plist; sourceTree = "<group>"; };
		95EA775929F428B90024E3A6 /* Fonts.swift */ = {isa = PBXFileReference; lastKnownFileType = sourcecode.swift; path = Fonts.swift; sourceTree = "<group>"; };
		95EA775E29F43EE60024E3A6 /* CustomTabBar.swift */ = {isa = PBXFileReference; lastKnownFileType = sourcecode.swift; path = CustomTabBar.swift; sourceTree = "<group>"; };
		95F4D0D629F51F8500BA13C8 /* TabBarButton.swift */ = {isa = PBXFileReference; lastKnownFileType = sourcecode.swift; path = TabBarButton.swift; sourceTree = "<group>"; };
		95F4D0DA29F5430300BA13C8 /* GoogleService-Info.plist */ = {isa = PBXFileReference; lastKnownFileType = text.plist; path = "GoogleService-Info.plist"; sourceTree = SOURCE_ROOT; };
		95F4D0E529F5465300BA13C8 /* AppDelegate.swift */ = {isa = PBXFileReference; lastKnownFileType = sourcecode.swift; path = AppDelegate.swift; sourceTree = "<group>"; };
		95F4D0E729F54A4E00BA13C8 /* Chat.entitlements */ = {isa = PBXFileReference; lastKnownFileType = text.plist.entitlements; path = Chat.entitlements; sourceTree = "<group>"; };
		95F4D0E829F54EE700BA13C8 /* AuthViewModel.swift */ = {isa = PBXFileReference; lastKnownFileType = sourcecode.swift; path = AuthViewModel.swift; sourceTree = "<group>"; };
		95F4D0EB29F55E5400BA13C8 /* OnboardingContainerView.swift */ = {isa = PBXFileReference; lastKnownFileType = sourcecode.swift; path = OnboardingContainerView.swift; sourceTree = "<group>"; };
		95F4D0ED29F56E5700BA13C8 /* WelcomeView.swift */ = {isa = PBXFileReference; lastKnownFileType = sourcecode.swift; path = WelcomeView.swift; sourceTree = "<group>"; };
		95F4D0EF29F56E9200BA13C8 /* PhoneNumberView.swift */ = {isa = PBXFileReference; lastKnownFileType = sourcecode.swift; path = PhoneNumberView.swift; sourceTree = "<group>"; };
		95F4D0F129F56EAB00BA13C8 /* VerificationView.swift */ = {isa = PBXFileReference; lastKnownFileType = sourcecode.swift; path = VerificationView.swift; sourceTree = "<group>"; };
		95F4D0F329F56EC400BA13C8 /* CreateProfileView.swift */ = {isa = PBXFileReference; lastKnownFileType = sourcecode.swift; path = CreateProfileView.swift; sourceTree = "<group>"; };
		95F4D0F529F56ED900BA13C8 /* SyncContactsView.swift */ = {isa = PBXFileReference; lastKnownFileType = sourcecode.swift; path = SyncContactsView.swift; sourceTree = "<group>"; };
/* End PBXFileReference section */

/* Begin PBXFrameworksBuildPhase section */
		95EA773829F18C2D0024E3A6 /* Frameworks */ = {
			isa = PBXFrameworksBuildPhase;
			buildActionMask = 2147483647;
			files = (
				95F4D0DE29F545E700BA13C8 /* FirebaseAuth in Frameworks */,
				95F4D0E429F545E700BA13C8 /* FirebaseStorage in Frameworks */,
				95F4D0E029F545E700BA13C8 /* FirebaseFirestore in Frameworks */,
				95F4D0E229F545E700BA13C8 /* FirebaseFirestoreSwift in Frameworks */,
			);
			runOnlyForDeploymentPostprocessing = 0;
		};
/* End PBXFrameworksBuildPhase section */

/* Begin PBXGroup section */
		95EA773229F18C2C0024E3A6 = {
			isa = PBXGroup;
			children = (
				95EA773D29F18C2D0024E3A6 /* Chat */,
				95EA773C29F18C2D0024E3A6 /* Products */,
			);
			sourceTree = "<group>";
		};
		95EA773C29F18C2D0024E3A6 /* Products */ = {
			isa = PBXGroup;
			children = (
				95EA773B29F18C2D0024E3A6 /* Chat.app */,
			);
			name = Products;
			sourceTree = "<group>";
		};
		95EA773D29F18C2D0024E3A6 /* Chat */ = {
			isa = PBXGroup;
			children = (
				95F4D0E729F54A4E00BA13C8 /* Chat.entitlements */,
				95EA775829F4260F0024E3A6 /* Info.plist */,
				95F4D0DA29F5430300BA13C8 /* GoogleService-Info.plist */,
				95EA773E29F18C2D0024E3A6 /* ChatApp.swift */,
				95F4D0E529F5465300BA13C8 /* AppDelegate.swift */,
				95EA774C29F18C5F0024E3A6 /* Views */,
				95EA774D29F18C6D0024E3A6 /* ViewModels */,
				95EA774E29F18C730024E3A6 /* Models */,
				95EA774F29F18C780024E3A6 /* Services */,
				95EA775029F18C820024E3A6 /* Utilities */,
				95EA775129F18C9E0024E3A6 /* Fonts */,
				95EA774229F18C2F0024E3A6 /* Assets.xcassets */,
				95EA774429F18C2F0024E3A6 /* Preview Content */,
			);
			path = Chat;
			sourceTree = "<group>";
		};
		95EA774429F18C2F0024E3A6 /* Preview Content */ = {
			isa = PBXGroup;
			children = (
				95EA774529F18C2F0024E3A6 /* Preview Assets.xcassets */,
			);
			path = "Preview Content";
			sourceTree = "<group>";
		};
		95EA774C29F18C5F0024E3A6 /* Views */ = {
			isa = PBXGroup;
			children = (
				95F4D0EA29F55E2900BA13C8 /* Onboarding */,
				95EA774029F18C2D0024E3A6 /* RootView.swift */,
				95EA775B29F43EA60024E3A6 /* Custom Tab Bar */,
			);
			path = Views;
			sourceTree = "<group>";
		};
		95EA774D29F18C6D0024E3A6 /* ViewModels */ = {
			isa = PBXGroup;
			children = (
				95F4D0E829F54EE700BA13C8 /* AuthViewModel.swift */,
				95E2CBFC29F712FC0067A844 /* ContactsViewModel.swift */,
			);
			path = ViewModels;
			sourceTree = "<group>";
		};
		95EA774E29F18C730024E3A6 /* Models */ = {
			isa = PBXGroup;
			children = (
			);
			path = Models;
			sourceTree = "<group>";
		};
		95EA774F29F18C780024E3A6 /* Services */ = {
			isa = PBXGroup;
			children = (
			);
			path = Services;
			sourceTree = "<group>";
		};
		95EA775029F18C820024E3A6 /* Utilities */ = {
			isa = PBXGroup;
			children = (
				95EA775929F428B90024E3A6 /* Fonts.swift */,
				95988D0629F6B86500C5BD72 /* OnboardingButtonStyle.swift */,
				95988D0829F6D4FE00C5BD72 /* CreateProfileTextFieldStyle.swift */,
			);
			path = Utilities;
			sourceTree = "<group>";
		};
		95EA775129F18C9E0024E3A6 /* Fonts */ = {
			isa = PBXGroup;
			children = (
				95EA775229F4256A0024E3A6 /* LexendDeca-Bold.ttf */,
				95EA775429F4256A0024E3A6 /* LexendDeca-Regular.ttf */,
				95EA775329F4256A0024E3A6 /* LexendDeca-SemiBold.ttf */,
			);
			path = Fonts;
			sourceTree = "<group>";
		};
		95EA775B29F43EA60024E3A6 /* Custom Tab Bar */ = {
			isa = PBXGroup;
			children = (
				95EA775E29F43EE60024E3A6 /* CustomTabBar.swift */,
				95F4D0D629F51F8500BA13C8 /* TabBarButton.swift */,
			);
			path = "Custom Tab Bar";
			sourceTree = "<group>";
		};
		95F4D0EA29F55E2900BA13C8 /* Onboarding */ = {
			isa = PBXGroup;
			children = (
				95F4D0EB29F55E5400BA13C8 /* OnboardingContainerView.swift */,
				95F4D0ED29F56E5700BA13C8 /* WelcomeView.swift */,
				95F4D0EF29F56E9200BA13C8 /* PhoneNumberView.swift */,
				95F4D0F129F56EAB00BA13C8 /* VerificationView.swift */,
				95F4D0F329F56EC400BA13C8 /* CreateProfileView.swift */,
				95F4D0F529F56ED900BA13C8 /* SyncContactsView.swift */,
			);
			path = Onboarding;
			sourceTree = "<group>";
		};
/* End PBXGroup section */

/* Begin PBXNativeTarget section */
		95EA773A29F18C2D0024E3A6 /* Chat */ = {
			isa = PBXNativeTarget;
			buildConfigurationList = 95EA774929F18C2F0024E3A6 /* Build configuration list for PBXNativeTarget "Chat" */;
			buildPhases = (
				95EA773729F18C2D0024E3A6 /* Sources */,
				95EA773829F18C2D0024E3A6 /* Frameworks */,
				95EA773929F18C2D0024E3A6 /* Resources */,
			);
			buildRules = (
			);
			dependencies = (
			);
			name = Chat;
			packageProductDependencies = (
				95F4D0DD29F545E700BA13C8 /* FirebaseAuth */,
				95F4D0DF29F545E700BA13C8 /* FirebaseFirestore */,
				95F4D0E129F545E700BA13C8 /* FirebaseFirestoreSwift */,
				95F4D0E329F545E700BA13C8 /* FirebaseStorage */,
			);
			productName = Chat;
			productReference = 95EA773B29F18C2D0024E3A6 /* Chat.app */;
			productType = "com.apple.product-type.application";
		};
/* End PBXNativeTarget section */

/* Begin PBXProject section */
		95EA773329F18C2C0024E3A6 /* Project object */ = {
			isa = PBXProject;
			attributes = {
				BuildIndependentTargetsInParallel = 1;
				LastSwiftUpdateCheck = 1430;
				LastUpgradeCheck = 1430;
				TargetAttributes = {
					95EA773A29F18C2D0024E3A6 = {
						CreatedOnToolsVersion = 14.3;
					};
				};
			};
			buildConfigurationList = 95EA773629F18C2C0024E3A6 /* Build configuration list for PBXProject "Chat" */;
			compatibilityVersion = "Xcode 14.0";
			developmentRegion = en;
			hasScannedForEncodings = 0;
			knownRegions = (
				en,
				Base,
			);
			mainGroup = 95EA773229F18C2C0024E3A6;
			packageReferences = (
				95F4D0DC29F545E700BA13C8 /* XCRemoteSwiftPackageReference "firebase-ios-sdk" */,
			);
			productRefGroup = 95EA773C29F18C2D0024E3A6 /* Products */;
			projectDirPath = "";
			projectRoot = "";
			targets = (
				95EA773A29F18C2D0024E3A6 /* Chat */,
			);
		};
/* End PBXProject section */

/* Begin PBXResourcesBuildPhase section */
		95EA773929F18C2D0024E3A6 /* Resources */ = {
			isa = PBXResourcesBuildPhase;
			buildActionMask = 2147483647;
			files = (
				95EA775729F4256A0024E3A6 /* LexendDeca-Regular.ttf in Resources */,
				95EA775629F4256A0024E3A6 /* LexendDeca-SemiBold.ttf in Resources */,
				95EA774629F18C2F0024E3A6 /* Preview Assets.xcassets in Resources */,
				95EA774329F18C2F0024E3A6 /* Assets.xcassets in Resources */,
				95EA775529F4256A0024E3A6 /* LexendDeca-Bold.ttf in Resources */,
				95F4D0DB29F5430300BA13C8 /* GoogleService-Info.plist in Resources */,
			);
			runOnlyForDeploymentPostprocessing = 0;
		};
/* End PBXResourcesBuildPhase section */

/* Begin PBXSourcesBuildPhase section */
		95EA773729F18C2D0024E3A6 /* Sources */ = {
			isa = PBXSourcesBuildPhase;
			buildActionMask = 2147483647;
			files = (
				95F4D0F629F56ED900BA13C8 /* SyncContactsView.swift in Sources */,
				95F4D0E629F5465300BA13C8 /* AppDelegate.swift in Sources */,
				95F4D0EC29F55E5400BA13C8 /* OnboardingContainerView.swift in Sources */,
				95EA775F29F43EE60024E3A6 /* CustomTabBar.swift in Sources */,
				95988D0729F6B86500C5BD72 /* OnboardingButtonStyle.swift in Sources */,
				95EA774129F18C2D0024E3A6 /* RootView.swift in Sources */,
				95F4D0EE29F56E5700BA13C8 /* WelcomeView.swift in Sources */,
				95F4D0E929F54EE700BA13C8 /* AuthViewModel.swift in Sources */,
				95F4D0F429F56EC400BA13C8 /* CreateProfileView.swift in Sources */,
				95F4D0F029F56E9200BA13C8 /* PhoneNumberView.swift in Sources */,
				95EA775A29F428B90024E3A6 /* Fonts.swift in Sources */,
				95F4D0F229F56EAB00BA13C8 /* VerificationView.swift in Sources */,
				95988D0929F6D4FE00C5BD72 /* CreateProfileTextFieldStyle.swift in Sources */,
				95E2CBFD29F712FC0067A844 /* ContactsViewModel.swift in Sources */,
				95F4D0D729F51F8500BA13C8 /* TabBarButton.swift in Sources */,
				95EA773F29F18C2D0024E3A6 /* ChatApp.swift in Sources */,
			);
			runOnlyForDeploymentPostprocessing = 0;
		};
/* End PBXSourcesBuildPhase section */

/* Begin XCBuildConfiguration section */
		95EA774729F18C2F0024E3A6 /* Debug */ = {
			isa = XCBuildConfiguration;
			buildSettings = {
				ALWAYS_SEARCH_USER_PATHS = NO;
				CLANG_ANALYZER_NONNULL = YES;
				CLANG_ANALYZER_NUMBER_OBJECT_CONVERSION = YES_AGGRESSIVE;
				CLANG_CXX_LANGUAGE_STANDARD = "gnu++20";
				CLANG_ENABLE_MODULES = YES;
				CLANG_ENABLE_OBJC_ARC = YES;
				CLANG_ENABLE_OBJC_WEAK = YES;
				CLANG_WARN_BLOCK_CAPTURE_AUTORELEASING = YES;
				CLANG_WARN_BOOL_CONVERSION = YES;
				CLANG_WARN_COMMA = YES;
				CLANG_WARN_CONSTANT_CONVERSION = YES;
				CLANG_WARN_DEPRECATED_OBJC_IMPLEMENTATIONS = YES;
				CLANG_WARN_DIRECT_OBJC_ISA_USAGE = YES_ERROR;
				CLANG_WARN_DOCUMENTATION_COMMENTS = YES;
				CLANG_WARN_EMPTY_BODY = YES;
				CLANG_WARN_ENUM_CONVERSION = YES;
				CLANG_WARN_INFINITE_RECURSION = YES;
				CLANG_WARN_INT_CONVERSION = YES;
				CLANG_WARN_NON_LITERAL_NULL_CONVERSION = YES;
				CLANG_WARN_OBJC_IMPLICIT_RETAIN_SELF = YES;
				CLANG_WARN_OBJC_LITERAL_CONVERSION = YES;
				CLANG_WARN_OBJC_ROOT_CLASS = YES_ERROR;
				CLANG_WARN_QUOTED_INCLUDE_IN_FRAMEWORK_HEADER = YES;
				CLANG_WARN_RANGE_LOOP_ANALYSIS = YES;
				CLANG_WARN_STRICT_PROTOTYPES = YES;
				CLANG_WARN_SUSPICIOUS_MOVE = YES;
				CLANG_WARN_UNGUARDED_AVAILABILITY = YES_AGGRESSIVE;
				CLANG_WARN_UNREACHABLE_CODE = YES;
				CLANG_WARN__DUPLICATE_METHOD_MATCH = YES;
				COPY_PHASE_STRIP = NO;
				DEBUG_INFORMATION_FORMAT = dwarf;
				ENABLE_STRICT_OBJC_MSGSEND = YES;
				ENABLE_TESTABILITY = YES;
				GCC_C_LANGUAGE_STANDARD = gnu11;
				GCC_DYNAMIC_NO_PIC = NO;
				GCC_NO_COMMON_BLOCKS = YES;
				GCC_OPTIMIZATION_LEVEL = 0;
				GCC_PREPROCESSOR_DEFINITIONS = (
					"DEBUG=1",
					"$(inherited)",
				);
				GCC_WARN_64_TO_32_BIT_CONVERSION = YES;
				GCC_WARN_ABOUT_RETURN_TYPE = YES_ERROR;
				GCC_WARN_UNDECLARED_SELECTOR = YES;
				GCC_WARN_UNINITIALIZED_AUTOS = YES_AGGRESSIVE;
				GCC_WARN_UNUSED_FUNCTION = YES;
				GCC_WARN_UNUSED_VARIABLE = YES;
				IPHONEOS_DEPLOYMENT_TARGET = 16.4;
				MTL_ENABLE_DEBUG_INFO = INCLUDE_SOURCE;
				MTL_FAST_MATH = YES;
				ONLY_ACTIVE_ARCH = YES;
				SDKROOT = iphoneos;
				SWIFT_ACTIVE_COMPILATION_CONDITIONS = DEBUG;
				SWIFT_OPTIMIZATION_LEVEL = "-Onone";
			};
			name = Debug;
		};
		95EA774829F18C2F0024E3A6 /* Release */ = {
			isa = XCBuildConfiguration;
			buildSettings = {
				ALWAYS_SEARCH_USER_PATHS = NO;
				CLANG_ANALYZER_NONNULL = YES;
				CLANG_ANALYZER_NUMBER_OBJECT_CONVERSION = YES_AGGRESSIVE;
				CLANG_CXX_LANGUAGE_STANDARD = "gnu++20";
				CLANG_ENABLE_MODULES = YES;
				CLANG_ENABLE_OBJC_ARC = YES;
				CLANG_ENABLE_OBJC_WEAK = YES;
				CLANG_WARN_BLOCK_CAPTURE_AUTORELEASING = YES;
				CLANG_WARN_BOOL_CONVERSION = YES;
				CLANG_WARN_COMMA = YES;
				CLANG_WARN_CONSTANT_CONVERSION = YES;
				CLANG_WARN_DEPRECATED_OBJC_IMPLEMENTATIONS = YES;
				CLANG_WARN_DIRECT_OBJC_ISA_USAGE = YES_ERROR;
				CLANG_WARN_DOCUMENTATION_COMMENTS = YES;
				CLANG_WARN_EMPTY_BODY = YES;
				CLANG_WARN_ENUM_CONVERSION = YES;
				CLANG_WARN_INFINITE_RECURSION = YES;
				CLANG_WARN_INT_CONVERSION = YES;
				CLANG_WARN_NON_LITERAL_NULL_CONVERSION = YES;
				CLANG_WARN_OBJC_IMPLICIT_RETAIN_SELF = YES;
				CLANG_WARN_OBJC_LITERAL_CONVERSION = YES;
				CLANG_WARN_OBJC_ROOT_CLASS = YES_ERROR;
				CLANG_WARN_QUOTED_INCLUDE_IN_FRAMEWORK_HEADER = YES;
				CLANG_WARN_RANGE_LOOP_ANALYSIS = YES;
				CLANG_WARN_STRICT_PROTOTYPES = YES;
				CLANG_WARN_SUSPICIOUS_MOVE = YES;
				CLANG_WARN_UNGUARDED_AVAILABILITY = YES_AGGRESSIVE;
				CLANG_WARN_UNREACHABLE_CODE = YES;
				CLANG_WARN__DUPLICATE_METHOD_MATCH = YES;
				COPY_PHASE_STRIP = NO;
				DEBUG_INFORMATION_FORMAT = "dwarf-with-dsym";
				ENABLE_NS_ASSERTIONS = NO;
				ENABLE_STRICT_OBJC_MSGSEND = YES;
				GCC_C_LANGUAGE_STANDARD = gnu11;
				GCC_NO_COMMON_BLOCKS = YES;
				GCC_WARN_64_TO_32_BIT_CONVERSION = YES;
				GCC_WARN_ABOUT_RETURN_TYPE = YES_ERROR;
				GCC_WARN_UNDECLARED_SELECTOR = YES;
				GCC_WARN_UNINITIALIZED_AUTOS = YES_AGGRESSIVE;
				GCC_WARN_UNUSED_FUNCTION = YES;
				GCC_WARN_UNUSED_VARIABLE = YES;
				IPHONEOS_DEPLOYMENT_TARGET = 16.4;
				MTL_ENABLE_DEBUG_INFO = NO;
				MTL_FAST_MATH = YES;
				SDKROOT = iphoneos;
				SWIFT_COMPILATION_MODE = wholemodule;
				SWIFT_OPTIMIZATION_LEVEL = "-O";
				VALIDATE_PRODUCT = YES;
			};
			name = Release;
		};
		95EA774A29F18C2F0024E3A6 /* Debug */ = {
			isa = XCBuildConfiguration;
			buildSettings = {
				ASSETCATALOG_COMPILER_APPICON_NAME = AppIcon;
				ASSETCATALOG_COMPILER_GLOBAL_ACCENT_COLOR_NAME = AccentColor;
				CODE_SIGN_ENTITLEMENTS = Chat/Chat.entitlements;
				CODE_SIGN_STYLE = Automatic;
				CURRENT_PROJECT_VERSION = 1;
				DEVELOPMENT_ASSET_PATHS = "\"Chat/Preview Content\"";
				DEVELOPMENT_TEAM = H9VH4L373A;
				ENABLE_PREVIEWS = YES;
				GENERATE_INFOPLIST_FILE = YES;
				INFOPLIST_FILE = Chat/Info.plist;
				INFOPLIST_KEY_UIApplicationSceneManifest_Generation = YES;
				INFOPLIST_KEY_UIApplicationSupportsIndirectInputEvents = YES;
				INFOPLIST_KEY_UILaunchScreen_Generation = YES;
				INFOPLIST_KEY_UISupportedInterfaceOrientations_iPad = "UIInterfaceOrientationPortrait UIInterfaceOrientationPortraitUpsideDown UIInterfaceOrientationLandscapeLeft UIInterfaceOrientationLandscapeRight";
				INFOPLIST_KEY_UISupportedInterfaceOrientations_iPhone = "UIInterfaceOrientationPortrait UIInterfaceOrientationLandscapeLeft UIInterfaceOrientationLandscapeRight";
				LD_RUNPATH_SEARCH_PATHS = (
					"$(inherited)",
					"@executable_path/Frameworks",
				);
				MARKETING_VERSION = 1.0;
				PRODUCT_BUNDLE_IDENTIFIER = crielaard.Chat;
				PRODUCT_NAME = "$(TARGET_NAME)";
				SWIFT_EMIT_LOC_STRINGS = YES;
				SWIFT_VERSION = 5.0;
				TARGETED_DEVICE_FAMILY = "1,2";
			};
			name = Debug;
		};
		95EA774B29F18C2F0024E3A6 /* Release */ = {
			isa = XCBuildConfiguration;
			buildSettings = {
				ASSETCATALOG_COMPILER_APPICON_NAME = AppIcon;
				ASSETCATALOG_COMPILER_GLOBAL_ACCENT_COLOR_NAME = AccentColor;
				CODE_SIGN_ENTITLEMENTS = Chat/Chat.entitlements;
				CODE_SIGN_STYLE = Automatic;
				CURRENT_PROJECT_VERSION = 1;
				DEVELOPMENT_ASSET_PATHS = "\"Chat/Preview Content\"";
				DEVELOPMENT_TEAM = H9VH4L373A;
				ENABLE_PREVIEWS = YES;
				GENERATE_INFOPLIST_FILE = YES;
				INFOPLIST_FILE = Chat/Info.plist;
				INFOPLIST_KEY_UIApplicationSceneManifest_Generation = YES;
				INFOPLIST_KEY_UIApplicationSupportsIndirectInputEvents = YES;
				INFOPLIST_KEY_UILaunchScreen_Generation = YES;
				INFOPLIST_KEY_UISupportedInterfaceOrientations_iPad = "UIInterfaceOrientationPortrait UIInterfaceOrientationPortraitUpsideDown UIInterfaceOrientationLandscapeLeft UIInterfaceOrientationLandscapeRight";
				INFOPLIST_KEY_UISupportedInterfaceOrientations_iPhone = "UIInterfaceOrientationPortrait UIInterfaceOrientationLandscapeLeft UIInterfaceOrientationLandscapeRight";
				LD_RUNPATH_SEARCH_PATHS = (
					"$(inherited)",
					"@executable_path/Frameworks",
				);
				MARKETING_VERSION = 1.0;
				PRODUCT_BUNDLE_IDENTIFIER = crielaard.Chat;
				PRODUCT_NAME = "$(TARGET_NAME)";
				SWIFT_EMIT_LOC_STRINGS = YES;
				SWIFT_VERSION = 5.0;
				TARGETED_DEVICE_FAMILY = "1,2";
			};
			name = Release;
		};
/* End XCBuildConfiguration section */

/* Begin XCConfigurationList section */
		95EA773629F18C2C0024E3A6 /* Build configuration list for PBXProject "Chat" */ = {
			isa = XCConfigurationList;
			buildConfigurations = (
				95EA774729F18C2F0024E3A6 /* Debug */,
				95EA774829F18C2F0024E3A6 /* Release */,
			);
			defaultConfigurationIsVisible = 0;
			defaultConfigurationName = Release;
		};
		95EA774929F18C2F0024E3A6 /* Build configuration list for PBXNativeTarget "Chat" */ = {
			isa = XCConfigurationList;
			buildConfigurations = (
				95EA774A29F18C2F0024E3A6 /* Debug */,
				95EA774B29F18C2F0024E3A6 /* Release */,
			);
			defaultConfigurationIsVisible = 0;
			defaultConfigurationName = Release;
		};
/* End XCConfigurationList section */

/* Begin XCRemoteSwiftPackageReference section */
		95F4D0DC29F545E700BA13C8 /* XCRemoteSwiftPackageReference "firebase-ios-sdk" */ = {
			isa = XCRemoteSwiftPackageReference;
			repositoryURL = "https://github.com/firebase/firebase-ios-sdk";
			requirement = {
				kind = upToNextMajorVersion;
				minimumVersion = 10.0.0;
			};
		};
/* End XCRemoteSwiftPackageReference section */

/* Begin XCSwiftPackageProductDependency section */
		95F4D0DD29F545E700BA13C8 /* FirebaseAuth */ = {
			isa = XCSwiftPackageProductDependency;
			package = 95F4D0DC29F545E700BA13C8 /* XCRemoteSwiftPackageReference "firebase-ios-sdk" */;
			productName = FirebaseAuth;
		};
		95F4D0DF29F545E700BA13C8 /* FirebaseFirestore */ = {
			isa = XCSwiftPackageProductDependency;
			package = 95F4D0DC29F545E700BA13C8 /* XCRemoteSwiftPackageReference "firebase-ios-sdk" */;
			productName = FirebaseFirestore;
		};
		95F4D0E129F545E700BA13C8 /* FirebaseFirestoreSwift */ = {
			isa = XCSwiftPackageProductDependency;
			package = 95F4D0DC29F545E700BA13C8 /* XCRemoteSwiftPackageReference "firebase-ios-sdk" */;
			productName = FirebaseFirestoreSwift;
		};
		95F4D0E329F545E700BA13C8 /* FirebaseStorage */ = {
			isa = XCSwiftPackageProductDependency;
			package = 95F4D0DC29F545E700BA13C8 /* XCRemoteSwiftPackageReference "firebase-ios-sdk" */;
			productName = FirebaseStorage;
		};
/* End XCSwiftPackageProductDependency section */
	};
	rootObject = 95EA773329F18C2C0024E3A6 /* Project object */;
}
